// !$*UTF8*$!
{
	archiveVersion = 1;
	classes = {
	};
	objectVersion = 50;
	objects = {

/* Begin PBXBuildFile section */
		840CF86D21E9F6DC00E8CA6F /* NewsDetailViewController.swift in Sources */ = {isa = PBXBuildFile; fileRef = 840CF86B21E9F6DC00E8CA6F /* NewsDetailViewController.swift */; };
		840CF86E21E9F6DC00E8CA6F /* NewsDetailViewController.xib in Resources */ = {isa = PBXBuildFile; fileRef = 840CF86C21E9F6DC00E8CA6F /* NewsDetailViewController.xib */; };
		840CF87021E9FEBA00E8CA6F /* NewsDetailProtocols.swift in Sources */ = {isa = PBXBuildFile; fileRef = 840CF86F21E9FEBA00E8CA6F /* NewsDetailProtocols.swift */; };
		840CF87221E9FEFE00E8CA6F /* NewsDetailPresenter.swift in Sources */ = {isa = PBXBuildFile; fileRef = 840CF87121E9FEFE00E8CA6F /* NewsDetailPresenter.swift */; };
		840CF87421EA009D00E8CA6F /* Linker.swift in Sources */ = {isa = PBXBuildFile; fileRef = 840CF87321EA009D00E8CA6F /* Linker.swift */; };
		840CF87621EA33F100E8CA6F /* NetworkModel.swift in Sources */ = {isa = PBXBuildFile; fileRef = 840CF87521EA33F100E8CA6F /* NetworkModel.swift */; };
		840CF8BB21ED4BC500E8CA6F /* SimpleDownloaderHelper.swift in Sources */ = {isa = PBXBuildFile; fileRef = 840CF8BA21ED4BC500E8CA6F /* SimpleDownloaderHelper.swift */; };
		840CF8BD21ED4CAA00E8CA6F /* SimpleDownloader.swift in Sources */ = {isa = PBXBuildFile; fileRef = 840CF8BC21ED4CAA00E8CA6F /* SimpleDownloader.swift */; };
		842EE11D21F22DEC00A11791 /* GradientView.swift in Sources */ = {isa = PBXBuildFile; fileRef = 842EE11C21F22DEC00A11791 /* GradientView.swift */; };
		842EE11F21F232E600A11791 /* Extension+UIView.swift in Sources */ = {isa = PBXBuildFile; fileRef = 842EE11E21F232E600A11791 /* Extension+UIView.swift */; };
		842EE12121F232F200A11791 /* Extension+UIViewController.swift in Sources */ = {isa = PBXBuildFile; fileRef = 842EE12021F232F200A11791 /* Extension+UIViewController.swift */; };
		842EE12321F232FD00A11791 /* Extension+UIImageView.swift in Sources */ = {isa = PBXBuildFile; fileRef = 842EE12221F232FD00A11791 /* Extension+UIImageView.swift */; };
		842EE12521F2333600A11791 /* Extension+UIColor.swift in Sources */ = {isa = PBXBuildFile; fileRef = 842EE12421F2333600A11791 /* Extension+UIColor.swift */; };
		842EE12A21F24A8B00A11791 /* NewsFeedInteractor.swift in Sources */ = {isa = PBXBuildFile; fileRef = 842EE12921F24A8B00A11791 /* NewsFeedInteractor.swift */; };
		842EE12C21F24D4F00A11791 /* NewsFeedModels.swift in Sources */ = {isa = PBXBuildFile; fileRef = 842EE12B21F24D4F00A11791 /* NewsFeedModels.swift */; };
		842EE13021F26B7E00A11791 /* CoreDataManager.swift in Sources */ = {isa = PBXBuildFile; fileRef = 842EE12F21F26B7E00A11791 /* CoreDataManager.swift */; };
		842EE13321F26D7600A11791 /* NewsFeed.xcdatamodeld in Sources */ = {isa = PBXBuildFile; fileRef = 842EE13121F26D7600A11791 /* NewsFeed.xcdatamodeld */; };
		842EE13821F273C300A11791 /* LocalStorageModels.swift in Sources */ = {isa = PBXBuildFile; fileRef = 842EE13721F273C300A11791 /* LocalStorageModels.swift */; };
		84385E9821E7F8CE00120A63 /* CategoryModel.swift in Sources */ = {isa = PBXBuildFile; fileRef = 84385E9721E7F8CE00120A63 /* CategoryModel.swift */; };
		84385EA621E88A1B00120A63 /* CategoryCollectionViewCell.xib in Resources */ = {isa = PBXBuildFile; fileRef = 84385EA521E88A1B00120A63 /* CategoryCollectionViewCell.xib */; };
		84385EAA21E8D14400120A63 /* NewsFeedViewController.swift in Sources */ = {isa = PBXBuildFile; fileRef = 84385EA821E8D14400120A63 /* NewsFeedViewController.swift */; };
		84385EAB21E8D14400120A63 /* NewsFeedViewController.xib in Resources */ = {isa = PBXBuildFile; fileRef = 84385EA921E8D14400120A63 /* NewsFeedViewController.xib */; };
		84385EAF21E8D38D00120A63 /* NewsFeedTableViewCell.swift in Sources */ = {isa = PBXBuildFile; fileRef = 84385EAD21E8D38D00120A63 /* NewsFeedTableViewCell.swift */; };
		84385EB021E8D38D00120A63 /* NewsFeedTableViewCell.xib in Resources */ = {isa = PBXBuildFile; fileRef = 84385EAE21E8D38D00120A63 /* NewsFeedTableViewCell.xib */; };
		84385EBA21E8E9D900120A63 /* NetworkService.swift in Sources */ = {isa = PBXBuildFile; fileRef = 84385EB221E8E9D900120A63 /* NetworkService.swift */; };
		84385EBB21E8E9D900120A63 /* NetworkServiceRequestBuilder.swift in Sources */ = {isa = PBXBuildFile; fileRef = 84385EB321E8E9D900120A63 /* NetworkServiceRequestBuilder.swift */; };
		84385EBC21E8E9D900120A63 /* NetworkServiceHelper.swift in Sources */ = {isa = PBXBuildFile; fileRef = 84385EB421E8E9D900120A63 /* NetworkServiceHelper.swift */; };
		84385EBD21E8E9D900120A63 /* NetworkServiceResponseStatus.swift in Sources */ = {isa = PBXBuildFile; fileRef = 84385EB521E8E9D900120A63 /* NetworkServiceResponseStatus.swift */; };
		84385EBE21E8E9D900120A63 /* NetworkServiceProtocols.swift in Sources */ = {isa = PBXBuildFile; fileRef = 84385EB621E8E9D900120A63 /* NetworkServiceProtocols.swift */; };
		84385EBF21E8E9DA00120A63 /* NetworkServiceManager.swift in Sources */ = {isa = PBXBuildFile; fileRef = 84385EB721E8E9D900120A63 /* NetworkServiceManager.swift */; };
		84385EC021E8E9DA00120A63 /* NetworkServiceDecoder.swift in Sources */ = {isa = PBXBuildFile; fileRef = 84385EB821E8E9D900120A63 /* NetworkServiceDecoder.swift */; };
		84385EC121E8E9DA00120A63 /* NetworkServiceError.swift in Sources */ = {isa = PBXBuildFile; fileRef = 84385EB921E8E9D900120A63 /* NetworkServiceError.swift */; };
		84385EC421E917F400120A63 /* NetworkManager.swift in Sources */ = {isa = PBXBuildFile; fileRef = 84385EC321E917F400120A63 /* NetworkManager.swift */; };
		84385EC721E9183800120A63 /* Articles.swift in Sources */ = {isa = PBXBuildFile; fileRef = 84385EC621E9183800120A63 /* Articles.swift */; };
		84385EC921E9184200120A63 /* Source.swift in Sources */ = {isa = PBXBuildFile; fileRef = 84385EC821E9184200120A63 /* Source.swift */; };
		84385ECB21E9184C00120A63 /* NewsError.swift in Sources */ = {isa = PBXBuildFile; fileRef = 84385ECA21E9184C00120A63 /* NewsError.swift */; };
		84385ECD21E918D600120A63 /* News.swift in Sources */ = {isa = PBXBuildFile; fileRef = 84385ECC21E918D600120A63 /* News.swift */; };
		84385ECF21E91BBD00120A63 /* NewsCategories.swift in Sources */ = {isa = PBXBuildFile; fileRef = 84385ECE21E91BBD00120A63 /* NewsCategories.swift */; };
		84385ED121E91CA700120A63 /* NetworkManagerHelper.swift in Sources */ = {isa = PBXBuildFile; fileRef = 84385ED021E91CA700120A63 /* NetworkManagerHelper.swift */; };
		84385ED521E933DE00120A63 /* CategoriesPresenter.swift in Sources */ = {isa = PBXBuildFile; fileRef = 84385ED421E933DE00120A63 /* CategoriesPresenter.swift */; };
		84385ED821E937C700120A63 /* NewsFeedPresenter.swift in Sources */ = {isa = PBXBuildFile; fileRef = 84385ED721E937C700120A63 /* NewsFeedPresenter.swift */; };
		84385EDC21E93A3F00120A63 /* CategoriesProtocols.swift in Sources */ = {isa = PBXBuildFile; fileRef = 84385EDB21E93A3F00120A63 /* CategoriesProtocols.swift */; };
		84385EDF21E93A8D00120A63 /* NewsFeedProtocols.swift in Sources */ = {isa = PBXBuildFile; fileRef = 84385EDE21E93A8D00120A63 /* NewsFeedProtocols.swift */; };
		845A50C821E7D026003CB8EE /* AppDelegate.swift in Sources */ = {isa = PBXBuildFile; fileRef = 845A50C721E7D026003CB8EE /* AppDelegate.swift */; };
		845A50CF21E7D029003CB8EE /* Assets.xcassets in Resources */ = {isa = PBXBuildFile; fileRef = 845A50CE21E7D029003CB8EE /* Assets.xcassets */; };
		845A50D221E7D029003CB8EE /* LaunchScreen.storyboard in Resources */ = {isa = PBXBuildFile; fileRef = 845A50D021E7D029003CB8EE /* LaunchScreen.storyboard */; };
		845A50DD21E7D02A003CB8EE /* NewsFeedTests.swift in Sources */ = {isa = PBXBuildFile; fileRef = 845A50DC21E7D02A003CB8EE /* NewsFeedTests.swift */; };
		845A50E821E7D0A4003CB8EE /* Router.swift in Sources */ = {isa = PBXBuildFile; fileRef = 845A50E721E7D0A4003CB8EE /* Router.swift */; };
		845A50EC21E7D15B003CB8EE /* CategoriesViewController.swift in Sources */ = {isa = PBXBuildFile; fileRef = 845A50EA21E7D15B003CB8EE /* CategoriesViewController.swift */; };
		845A50ED21E7D15B003CB8EE /* CategoriesViewController.xib in Resources */ = {isa = PBXBuildFile; fileRef = 845A50EB21E7D15B003CB8EE /* CategoriesViewController.xib */; };
		845A50EF21E7D1EC003CB8EE /* CategoriesLayout.swift in Sources */ = {isa = PBXBuildFile; fileRef = 845A50EE21E7D1EC003CB8EE /* CategoriesLayout.swift */; };
		845A50F221E7D2F0003CB8EE /* NibLoadable.swift in Sources */ = {isa = PBXBuildFile; fileRef = 845A50F121E7D2F0003CB8EE /* NibLoadable.swift */; };
		845A50F521E7D86E003CB8EE /* CategoryCollectionViewCell.swift in Sources */ = {isa = PBXBuildFile; fileRef = 845A50F321E7D86D003CB8EE /* CategoryCollectionViewCell.swift */; };
		84844E4A21F7567700847DEC /* RemoteDataSourceLoader.swift in Sources */ = {isa = PBXBuildFile; fileRef = 84844E4921F7567700847DEC /* RemoteDataSourceLoader.swift */; };
		84844E5221F8EF4600847DEC /* LocalDataSourceLoader.swift in Sources */ = {isa = PBXBuildFile; fileRef = 84844E5121F8EF4600847DEC /* LocalDataSourceLoader.swift */; };
/* End PBXBuildFile section */

/* Begin PBXContainerItemProxy section */
		845A50D921E7D02A003CB8EE /* PBXContainerItemProxy */ = {
			isa = PBXContainerItemProxy;
			containerPortal = 845A50BC21E7D026003CB8EE /* Project object */;
			proxyType = 1;
			remoteGlobalIDString = 845A50C321E7D026003CB8EE;
			remoteInfo = NewsFeed;
		};
/* End PBXContainerItemProxy section */

/* Begin PBXFileReference section */
		840CF86B21E9F6DC00E8CA6F /* NewsDetailViewController.swift */ = {isa = PBXFileReference; lastKnownFileType = sourcecode.swift; path = NewsDetailViewController.swift; sourceTree = "<group>"; };
		840CF86C21E9F6DC00E8CA6F /* NewsDetailViewController.xib */ = {isa = PBXFileReference; lastKnownFileType = file.xib; path = NewsDetailViewController.xib; sourceTree = "<group>"; };
		840CF86F21E9FEBA00E8CA6F /* NewsDetailProtocols.swift */ = {isa = PBXFileReference; lastKnownFileType = sourcecode.swift; path = NewsDetailProtocols.swift; sourceTree = "<group>"; };
		840CF87121E9FEFE00E8CA6F /* NewsDetailPresenter.swift */ = {isa = PBXFileReference; lastKnownFileType = sourcecode.swift; path = NewsDetailPresenter.swift; sourceTree = "<group>"; };
		840CF87321EA009D00E8CA6F /* Linker.swift */ = {isa = PBXFileReference; lastKnownFileType = sourcecode.swift; path = Linker.swift; sourceTree = "<group>"; };
		840CF87521EA33F100E8CA6F /* NetworkModel.swift */ = {isa = PBXFileReference; lastKnownFileType = sourcecode.swift; path = NetworkModel.swift; sourceTree = "<group>"; };
		840CF8BA21ED4BC500E8CA6F /* SimpleDownloaderHelper.swift */ = {isa = PBXFileReference; lastKnownFileType = sourcecode.swift; path = SimpleDownloaderHelper.swift; sourceTree = "<group>"; };
		840CF8BC21ED4CAA00E8CA6F /* SimpleDownloader.swift */ = {isa = PBXFileReference; lastKnownFileType = sourcecode.swift; path = SimpleDownloader.swift; sourceTree = "<group>"; };
		842EE11C21F22DEC00A11791 /* GradientView.swift */ = {isa = PBXFileReference; lastKnownFileType = sourcecode.swift; path = GradientView.swift; sourceTree = "<group>"; };
		842EE11E21F232E600A11791 /* Extension+UIView.swift */ = {isa = PBXFileReference; lastKnownFileType = sourcecode.swift; path = "Extension+UIView.swift"; sourceTree = "<group>"; };
		842EE12021F232F200A11791 /* Extension+UIViewController.swift */ = {isa = PBXFileReference; lastKnownFileType = sourcecode.swift; path = "Extension+UIViewController.swift"; sourceTree = "<group>"; };
		842EE12221F232FD00A11791 /* Extension+UIImageView.swift */ = {isa = PBXFileReference; lastKnownFileType = sourcecode.swift; path = "Extension+UIImageView.swift"; sourceTree = "<group>"; };
		842EE12421F2333600A11791 /* Extension+UIColor.swift */ = {isa = PBXFileReference; lastKnownFileType = sourcecode.swift; path = "Extension+UIColor.swift"; sourceTree = "<group>"; };
		842EE12921F24A8B00A11791 /* NewsFeedInteractor.swift */ = {isa = PBXFileReference; lastKnownFileType = sourcecode.swift; path = NewsFeedInteractor.swift; sourceTree = "<group>"; };
		842EE12B21F24D4F00A11791 /* NewsFeedModels.swift */ = {isa = PBXFileReference; lastKnownFileType = sourcecode.swift; path = NewsFeedModels.swift; sourceTree = "<group>"; };
		842EE12F21F26B7E00A11791 /* CoreDataManager.swift */ = {isa = PBXFileReference; lastKnownFileType = sourcecode.swift; path = CoreDataManager.swift; sourceTree = "<group>"; };
		842EE13221F26D7600A11791 /* NewsFeed.xcdatamodel */ = {isa = PBXFileReference; lastKnownFileType = wrapper.xcdatamodel; path = NewsFeed.xcdatamodel; sourceTree = "<group>"; };
		842EE13721F273C300A11791 /* LocalStorageModels.swift */ = {isa = PBXFileReference; lastKnownFileType = sourcecode.swift; path = LocalStorageModels.swift; sourceTree = "<group>"; };
		84385E9721E7F8CE00120A63 /* CategoryModel.swift */ = {isa = PBXFileReference; lastKnownFileType = sourcecode.swift; path = CategoryModel.swift; sourceTree = "<group>"; };
		84385EA521E88A1B00120A63 /* CategoryCollectionViewCell.xib */ = {isa = PBXFileReference; lastKnownFileType = file.xib; path = CategoryCollectionViewCell.xib; sourceTree = "<group>"; };
		84385EA821E8D14400120A63 /* NewsFeedViewController.swift */ = {isa = PBXFileReference; lastKnownFileType = sourcecode.swift; path = NewsFeedViewController.swift; sourceTree = "<group>"; };
		84385EA921E8D14400120A63 /* NewsFeedViewController.xib */ = {isa = PBXFileReference; lastKnownFileType = file.xib; path = NewsFeedViewController.xib; sourceTree = "<group>"; };
		84385EAD21E8D38D00120A63 /* NewsFeedTableViewCell.swift */ = {isa = PBXFileReference; lastKnownFileType = sourcecode.swift; path = NewsFeedTableViewCell.swift; sourceTree = "<group>"; };
		84385EAE21E8D38D00120A63 /* NewsFeedTableViewCell.xib */ = {isa = PBXFileReference; lastKnownFileType = file.xib; path = NewsFeedTableViewCell.xib; sourceTree = "<group>"; };
		84385EB221E8E9D900120A63 /* NetworkService.swift */ = {isa = PBXFileReference; fileEncoding = 4; lastKnownFileType = sourcecode.swift; path = NetworkService.swift; sourceTree = "<group>"; };
		84385EB321E8E9D900120A63 /* NetworkServiceRequestBuilder.swift */ = {isa = PBXFileReference; fileEncoding = 4; lastKnownFileType = sourcecode.swift; path = NetworkServiceRequestBuilder.swift; sourceTree = "<group>"; };
		84385EB421E8E9D900120A63 /* NetworkServiceHelper.swift */ = {isa = PBXFileReference; fileEncoding = 4; lastKnownFileType = sourcecode.swift; path = NetworkServiceHelper.swift; sourceTree = "<group>"; };
		84385EB521E8E9D900120A63 /* NetworkServiceResponseStatus.swift */ = {isa = PBXFileReference; fileEncoding = 4; lastKnownFileType = sourcecode.swift; path = NetworkServiceResponseStatus.swift; sourceTree = "<group>"; };
		84385EB621E8E9D900120A63 /* NetworkServiceProtocols.swift */ = {isa = PBXFileReference; fileEncoding = 4; lastKnownFileType = sourcecode.swift; path = NetworkServiceProtocols.swift; sourceTree = "<group>"; };
		84385EB721E8E9D900120A63 /* NetworkServiceManager.swift */ = {isa = PBXFileReference; fileEncoding = 4; lastKnownFileType = sourcecode.swift; path = NetworkServiceManager.swift; sourceTree = "<group>"; };
		84385EB821E8E9D900120A63 /* NetworkServiceDecoder.swift */ = {isa = PBXFileReference; fileEncoding = 4; lastKnownFileType = sourcecode.swift; path = NetworkServiceDecoder.swift; sourceTree = "<group>"; };
		84385EB921E8E9D900120A63 /* NetworkServiceError.swift */ = {isa = PBXFileReference; fileEncoding = 4; lastKnownFileType = sourcecode.swift; path = NetworkServiceError.swift; sourceTree = "<group>"; };
		84385EC321E917F400120A63 /* NetworkManager.swift */ = {isa = PBXFileReference; lastKnownFileType = sourcecode.swift; path = NetworkManager.swift; sourceTree = "<group>"; };
		84385EC621E9183800120A63 /* Articles.swift */ = {isa = PBXFileReference; lastKnownFileType = sourcecode.swift; path = Articles.swift; sourceTree = "<group>"; };
		84385EC821E9184200120A63 /* Source.swift */ = {isa = PBXFileReference; lastKnownFileType = sourcecode.swift; path = Source.swift; sourceTree = "<group>"; };
		84385ECA21E9184C00120A63 /* NewsError.swift */ = {isa = PBXFileReference; lastKnownFileType = sourcecode.swift; path = NewsError.swift; sourceTree = "<group>"; };
		84385ECC21E918D600120A63 /* News.swift */ = {isa = PBXFileReference; lastKnownFileType = sourcecode.swift; path = News.swift; sourceTree = "<group>"; };
		84385ECE21E91BBD00120A63 /* NewsCategories.swift */ = {isa = PBXFileReference; lastKnownFileType = sourcecode.swift; path = NewsCategories.swift; sourceTree = "<group>"; };
		84385ED021E91CA700120A63 /* NetworkManagerHelper.swift */ = {isa = PBXFileReference; lastKnownFileType = sourcecode.swift; path = NetworkManagerHelper.swift; sourceTree = "<group>"; };
		84385ED421E933DE00120A63 /* CategoriesPresenter.swift */ = {isa = PBXFileReference; lastKnownFileType = sourcecode.swift; path = CategoriesPresenter.swift; sourceTree = "<group>"; };
		84385ED721E937C700120A63 /* NewsFeedPresenter.swift */ = {isa = PBXFileReference; lastKnownFileType = sourcecode.swift; path = NewsFeedPresenter.swift; sourceTree = "<group>"; };
		84385EDB21E93A3F00120A63 /* CategoriesProtocols.swift */ = {isa = PBXFileReference; lastKnownFileType = sourcecode.swift; path = CategoriesProtocols.swift; sourceTree = "<group>"; };
		84385EDE21E93A8D00120A63 /* NewsFeedProtocols.swift */ = {isa = PBXFileReference; lastKnownFileType = sourcecode.swift; path = NewsFeedProtocols.swift; sourceTree = "<group>"; };
		845A50C421E7D026003CB8EE /* NewsFeed.app */ = {isa = PBXFileReference; explicitFileType = wrapper.application; includeInIndex = 0; path = NewsFeed.app; sourceTree = BUILT_PRODUCTS_DIR; };
		845A50C721E7D026003CB8EE /* AppDelegate.swift */ = {isa = PBXFileReference; lastKnownFileType = sourcecode.swift; path = AppDelegate.swift; sourceTree = "<group>"; };
		845A50CE21E7D029003CB8EE /* Assets.xcassets */ = {isa = PBXFileReference; lastKnownFileType = folder.assetcatalog; path = Assets.xcassets; sourceTree = "<group>"; };
		845A50D121E7D029003CB8EE /* Base */ = {isa = PBXFileReference; lastKnownFileType = file.storyboard; name = Base; path = Base.lproj/LaunchScreen.storyboard; sourceTree = "<group>"; };
		845A50D321E7D029003CB8EE /* Info.plist */ = {isa = PBXFileReference; lastKnownFileType = text.plist.xml; path = Info.plist; sourceTree = "<group>"; };
		845A50D821E7D02A003CB8EE /* NewsFeedTests.xctest */ = {isa = PBXFileReference; explicitFileType = wrapper.cfbundle; includeInIndex = 0; path = NewsFeedTests.xctest; sourceTree = BUILT_PRODUCTS_DIR; };
		845A50DC21E7D02A003CB8EE /* NewsFeedTests.swift */ = {isa = PBXFileReference; lastKnownFileType = sourcecode.swift; path = NewsFeedTests.swift; sourceTree = "<group>"; };
		845A50DE21E7D02A003CB8EE /* Info.plist */ = {isa = PBXFileReference; lastKnownFileType = text.plist.xml; path = Info.plist; sourceTree = "<group>"; };
		845A50E721E7D0A4003CB8EE /* Router.swift */ = {isa = PBXFileReference; lastKnownFileType = sourcecode.swift; path = Router.swift; sourceTree = "<group>"; };
		845A50EA21E7D15B003CB8EE /* CategoriesViewController.swift */ = {isa = PBXFileReference; lastKnownFileType = sourcecode.swift; path = CategoriesViewController.swift; sourceTree = "<group>"; };
		845A50EB21E7D15B003CB8EE /* CategoriesViewController.xib */ = {isa = PBXFileReference; lastKnownFileType = file.xib; path = CategoriesViewController.xib; sourceTree = "<group>"; };
		845A50EE21E7D1EC003CB8EE /* CategoriesLayout.swift */ = {isa = PBXFileReference; lastKnownFileType = sourcecode.swift; path = CategoriesLayout.swift; sourceTree = "<group>"; };
		845A50F121E7D2F0003CB8EE /* NibLoadable.swift */ = {isa = PBXFileReference; lastKnownFileType = sourcecode.swift; path = NibLoadable.swift; sourceTree = "<group>"; };
		845A50F321E7D86D003CB8EE /* CategoryCollectionViewCell.swift */ = {isa = PBXFileReference; lastKnownFileType = sourcecode.swift; path = CategoryCollectionViewCell.swift; sourceTree = "<group>"; };
		84844E4921F7567700847DEC /* RemoteDataSourceLoader.swift */ = {isa = PBXFileReference; lastKnownFileType = sourcecode.swift; path = RemoteDataSourceLoader.swift; sourceTree = "<group>"; };
		84844E5121F8EF4600847DEC /* LocalDataSourceLoader.swift */ = {isa = PBXFileReference; lastKnownFileType = sourcecode.swift; path = LocalDataSourceLoader.swift; sourceTree = "<group>"; };
/* End PBXFileReference section */

/* Begin PBXFrameworksBuildPhase section */
		845A50C121E7D026003CB8EE /* Frameworks */ = {
			isa = PBXFrameworksBuildPhase;
			buildActionMask = 2147483647;
			files = (
			);
			runOnlyForDeploymentPostprocessing = 0;
		};
		845A50D521E7D02A003CB8EE /* Frameworks */ = {
			isa = PBXFrameworksBuildPhase;
			buildActionMask = 2147483647;
			files = (
			);
			runOnlyForDeploymentPostprocessing = 0;
		};
/* End PBXFrameworksBuildPhase section */

/* Begin PBXGroup section */
		840CF86621E9F69D00E8CA6F /* NewsDetail */ = {
			isa = PBXGroup;
			children = (
				840CF86821E9F6AD00E8CA6F /* Protocols */,
				840CF86921E9F6B600E8CA6F /* Presenter */,
				840CF86721E9F6A700E8CA6F /* View */,
			);
			path = NewsDetail;
			sourceTree = "<group>";
		};
		840CF86721E9F6A700E8CA6F /* View */ = {
			isa = PBXGroup;
			children = (
				840CF86B21E9F6DC00E8CA6F /* NewsDetailViewController.swift */,
				840CF86C21E9F6DC00E8CA6F /* NewsDetailViewController.xib */,
			);
			path = View;
			sourceTree = "<group>";
		};
		840CF86821E9F6AD00E8CA6F /* Protocols */ = {
			isa = PBXGroup;
			children = (
				840CF86F21E9FEBA00E8CA6F /* NewsDetailProtocols.swift */,
			);
			path = Protocols;
			sourceTree = "<group>";
		};
		840CF86921E9F6B600E8CA6F /* Presenter */ = {
			isa = PBXGroup;
			children = (
				840CF87121E9FEFE00E8CA6F /* NewsDetailPresenter.swift */,
			);
			path = Presenter;
			sourceTree = "<group>";
		};
		840CF8B621ECDB1000E8CA6F /* Services */ = {
			isa = PBXGroup;
			children = (
				842EE12E21F26B6900A11791 /* LocalStorage */,
				840CF8B721ECDB2500E8CA6F /* ImageDownloader */,
				84385EB121E8E99900120A63 /* Network */,
			);
			path = Services;
			sourceTree = "<group>";
		};
		840CF8B721ECDB2500E8CA6F /* ImageDownloader */ = {
			isa = PBXGroup;
			children = (
				840CF8BC21ED4CAA00E8CA6F /* SimpleDownloader.swift */,
				840CF8BA21ED4BC500E8CA6F /* SimpleDownloaderHelper.swift */,
			);
			path = ImageDownloader;
			sourceTree = "<group>";
		};
		842EE12621F233A700A11791 /* UIKit */ = {
			isa = PBXGroup;
			children = (
				842EE11E21F232E600A11791 /* Extension+UIView.swift */,
				842EE12021F232F200A11791 /* Extension+UIViewController.swift */,
				842EE12221F232FD00A11791 /* Extension+UIImageView.swift */,
				842EE12421F2333600A11791 /* Extension+UIColor.swift */,
			);
			path = UIKit;
			sourceTree = "<group>";
		};
		842EE12721F233BA00A11791 /* Protocols */ = {
			isa = PBXGroup;
			children = (
				845A50F121E7D2F0003CB8EE /* NibLoadable.swift */,
			);
			path = Protocols;
			sourceTree = "<group>";
		};
		842EE12821F24A7900A11791 /* Interactor */ = {
			isa = PBXGroup;
			children = (
				842EE12921F24A8B00A11791 /* NewsFeedInteractor.swift */,
			);
			path = Interactor;
			sourceTree = "<group>";
		};
		842EE12D21F24D5400A11791 /* Models */ = {
			isa = PBXGroup;
			children = (
				842EE12B21F24D4F00A11791 /* NewsFeedModels.swift */,
			);
			path = Models;
			sourceTree = "<group>";
		};
		842EE12E21F26B6900A11791 /* LocalStorage */ = {
			isa = PBXGroup;
			children = (
				842EE13621F273B100A11791 /* LocalStorageModels */,
				84844E5021F8EF2700847DEC /* LocalStorageProtocols */,
				84844E4F21F8EF1500847DEC /* CoreDataStack */,
			);
			path = LocalStorage;
			sourceTree = "<group>";
		};
		842EE13421F271FB00A11791 /* DecodableModels */ = {
			isa = PBXGroup;
			children = (
				84385EC621E9183800120A63 /* Articles.swift */,
				84385ECC21E918D600120A63 /* News.swift */,
				84385EC821E9184200120A63 /* Source.swift */,
				84385ECA21E9184C00120A63 /* NewsError.swift */,
			);
			path = DecodableModels;
			sourceTree = "<group>";
		};
		842EE13521F2726900A11791 /* SharedModels */ = {
			isa = PBXGroup;
			children = (
				84385E9721E7F8CE00120A63 /* CategoryModel.swift */,
				84385ECE21E91BBD00120A63 /* NewsCategories.swift */,
			);
			path = SharedModels;
			sourceTree = "<group>";
		};
		842EE13621F273B100A11791 /* LocalStorageModels */ = {
			isa = PBXGroup;
			children = (
				842EE13721F273C300A11791 /* LocalStorageModels.swift */,
			);
			path = LocalStorageModels;
			sourceTree = "<group>";
		};
		84385EA721E8D11400120A63 /* NewsFeed */ = {
			isa = PBXGroup;
			children = (
				842EE12D21F24D5400A11791 /* Models */,
				84385EDD21E93A7B00120A63 /* Protocols */,
				842EE12821F24A7900A11791 /* Interactor */,
				84385ED921E937CC00120A63 /* Presenter */,
				84385ED621E937AD00120A63 /* View */,
			);
			path = NewsFeed;
			sourceTree = "<group>";
		};
		84385EAC21E8D34B00120A63 /* Cell */ = {
			isa = PBXGroup;
			children = (
				84385EAD21E8D38D00120A63 /* NewsFeedTableViewCell.swift */,
				84385EAE21E8D38D00120A63 /* NewsFeedTableViewCell.xib */,
			);
			path = Cell;
			sourceTree = "<group>";
		};
		84385EB121E8E99900120A63 /* Network */ = {
			isa = PBXGroup;
			children = (
				84844E4821F7565300847DEC /* Protocols */,
				84385EC521E9182700120A63 /* Model */,
				84385EC221E917DA00120A63 /* Network Service */,
				84385EC321E917F400120A63 /* NetworkManager.swift */,
				84385ED021E91CA700120A63 /* NetworkManagerHelper.swift */,
			);
			path = Network;
			sourceTree = "<group>";
		};
		84385EC221E917DA00120A63 /* Network Service */ = {
			isa = PBXGroup;
			children = (
				84385EB221E8E9D900120A63 /* NetworkService.swift */,
				84385EB821E8E9D900120A63 /* NetworkServiceDecoder.swift */,
				84385EB921E8E9D900120A63 /* NetworkServiceError.swift */,
				84385EB421E8E9D900120A63 /* NetworkServiceHelper.swift */,
				84385EB721E8E9D900120A63 /* NetworkServiceManager.swift */,
				84385EB621E8E9D900120A63 /* NetworkServiceProtocols.swift */,
				84385EB321E8E9D900120A63 /* NetworkServiceRequestBuilder.swift */,
				84385EB521E8E9D900120A63 /* NetworkServiceResponseStatus.swift */,
			);
			path = "Network Service";
			sourceTree = "<group>";
		};
		84385EC521E9182700120A63 /* Model */ = {
			isa = PBXGroup;
			children = (
				842EE13421F271FB00A11791 /* DecodableModels */,
				840CF87521EA33F100E8CA6F /* NetworkModel.swift */,
			);
			path = Model;
			sourceTree = "<group>";
		};
		84385ED221E933A800120A63 /* View */ = {
			isa = PBXGroup;
			children = (
				845A50F721E7D872003CB8EE /* Cell */,
				845A50EE21E7D1EC003CB8EE /* CategoriesLayout.swift */,
				845A50EA21E7D15B003CB8EE /* CategoriesViewController.swift */,
				845A50EB21E7D15B003CB8EE /* CategoriesViewController.xib */,
			);
			path = View;
			sourceTree = "<group>";
		};
		84385ED321E933C400120A63 /* Presenter */ = {
			isa = PBXGroup;
			children = (
				84385ED421E933DE00120A63 /* CategoriesPresenter.swift */,
			);
			path = Presenter;
			sourceTree = "<group>";
		};
		84385ED621E937AD00120A63 /* View */ = {
			isa = PBXGroup;
			children = (
				84385EAC21E8D34B00120A63 /* Cell */,
				84385EA821E8D14400120A63 /* NewsFeedViewController.swift */,
				84385EA921E8D14400120A63 /* NewsFeedViewController.xib */,
			);
			path = View;
			sourceTree = "<group>";
		};
		84385ED921E937CC00120A63 /* Presenter */ = {
			isa = PBXGroup;
			children = (
				84385ED721E937C700120A63 /* NewsFeedPresenter.swift */,
			);
			path = Presenter;
			sourceTree = "<group>";
		};
		84385EDA21E93A2E00120A63 /* Protocols */ = {
			isa = PBXGroup;
			children = (
				84385EDB21E93A3F00120A63 /* CategoriesProtocols.swift */,
			);
			path = Protocols;
			sourceTree = "<group>";
		};
		84385EDD21E93A7B00120A63 /* Protocols */ = {
			isa = PBXGroup;
			children = (
				84385EDE21E93A8D00120A63 /* NewsFeedProtocols.swift */,
			);
			path = Protocols;
			sourceTree = "<group>";
		};
		84385EE021E9F54200120A63 /* Screens */ = {
			isa = PBXGroup;
			children = (
				845A50E921E7D10A003CB8EE /* Categories */,
				84385EA721E8D11400120A63 /* NewsFeed */,
				840CF86621E9F69D00E8CA6F /* NewsDetail */,
			);
			path = Screens;
			sourceTree = "<group>";
		};
		845A50BB21E7D026003CB8EE = {
			isa = PBXGroup;
			children = (
				845A50C621E7D026003CB8EE /* NewsFeed */,
				845A50DB21E7D02A003CB8EE /* NewsFeedTests */,
				845A50C521E7D026003CB8EE /* Products */,
			);
			sourceTree = "<group>";
		};
		845A50C521E7D026003CB8EE /* Products */ = {
			isa = PBXGroup;
			children = (
				845A50C421E7D026003CB8EE /* NewsFeed.app */,
				845A50D821E7D02A003CB8EE /* NewsFeedTests.xctest */,
			);
			name = Products;
			sourceTree = "<group>";
		};
		845A50C621E7D026003CB8EE /* NewsFeed */ = {
			isa = PBXGroup;
			children = (
				845A50C721E7D026003CB8EE /* AppDelegate.swift */,
				845A50E721E7D0A4003CB8EE /* Router.swift */,
				840CF87321EA009D00E8CA6F /* Linker.swift */,
				842EE13521F2726900A11791 /* SharedModels */,
				840CF8B621ECDB1000E8CA6F /* Services */,
				845A50F021E7D2D2003CB8EE /* Extensions */,
				842EE12721F233BA00A11791 /* Protocols */,
				84385EE021E9F54200120A63 /* Screens */,
				845A50CE21E7D029003CB8EE /* Assets.xcassets */,
				845A50D021E7D029003CB8EE /* LaunchScreen.storyboard */,
				845A50D321E7D029003CB8EE /* Info.plist */,
			);
			path = NewsFeed;
			sourceTree = "<group>";
		};
		845A50DB21E7D02A003CB8EE /* NewsFeedTests */ = {
			isa = PBXGroup;
			children = (
				845A50DC21E7D02A003CB8EE /* NewsFeedTests.swift */,
				845A50DE21E7D02A003CB8EE /* Info.plist */,
			);
			path = NewsFeedTests;
			sourceTree = "<group>";
		};
		845A50E921E7D10A003CB8EE /* Categories */ = {
			isa = PBXGroup;
			children = (
				84385EDA21E93A2E00120A63 /* Protocols */,
				84385ED321E933C400120A63 /* Presenter */,
				84385ED221E933A800120A63 /* View */,
			);
			path = Categories;
			sourceTree = "<group>";
		};
		845A50F021E7D2D2003CB8EE /* Extensions */ = {
			isa = PBXGroup;
			children = (
				842EE12621F233A700A11791 /* UIKit */,
			);
			path = Extensions;
			sourceTree = "<group>";
		};
		845A50F721E7D872003CB8EE /* Cell */ = {
			isa = PBXGroup;
			children = (
				842EE11C21F22DEC00A11791 /* GradientView.swift */,
				845A50F321E7D86D003CB8EE /* CategoryCollectionViewCell.swift */,
				84385EA521E88A1B00120A63 /* CategoryCollectionViewCell.xib */,
			);
			path = Cell;
			sourceTree = "<group>";
		};
		84844E4821F7565300847DEC /* Protocols */ = {
			isa = PBXGroup;
			children = (
				84844E4921F7567700847DEC /* RemoteDataSourceLoader.swift */,
			);
			path = Protocols;
			sourceTree = "<group>";
		};
		84844E4F21F8EF1500847DEC /* CoreDataStack */ = {
			isa = PBXGroup;
			children = (
				842EE12F21F26B7E00A11791 /* CoreDataManager.swift */,
				842EE13121F26D7600A11791 /* NewsFeed.xcdatamodeld */,
			);
			path = CoreDataStack;
			sourceTree = "<group>";
		};
		84844E5021F8EF2700847DEC /* LocalStorageProtocols */ = {
			isa = PBXGroup;
			children = (
				84844E5121F8EF4600847DEC /* LocalDataSourceLoader.swift */,
			);
			path = LocalStorageProtocols;
			sourceTree = "<group>";
		};
/* End PBXGroup section */

/* Begin PBXNativeTarget section */
		845A50C321E7D026003CB8EE /* NewsFeed */ = {
			isa = PBXNativeTarget;
			buildConfigurationList = 845A50E121E7D02A003CB8EE /* Build configuration list for PBXNativeTarget "NewsFeed" */;
			buildPhases = (
				845A50C021E7D026003CB8EE /* Sources */,
				845A50C121E7D026003CB8EE /* Frameworks */,
				845A50C221E7D026003CB8EE /* Resources */,
			);
			buildRules = (
			);
			dependencies = (
			);
			name = NewsFeed;
			productName = NewsFeed;
			productReference = 845A50C421E7D026003CB8EE /* NewsFeed.app */;
			productType = "com.apple.product-type.application";
		};
		845A50D721E7D02A003CB8EE /* NewsFeedTests */ = {
			isa = PBXNativeTarget;
			buildConfigurationList = 845A50E421E7D02A003CB8EE /* Build configuration list for PBXNativeTarget "NewsFeedTests" */;
			buildPhases = (
				845A50D421E7D02A003CB8EE /* Sources */,
				845A50D521E7D02A003CB8EE /* Frameworks */,
				845A50D621E7D02A003CB8EE /* Resources */,
			);
			buildRules = (
			);
			dependencies = (
				845A50DA21E7D02A003CB8EE /* PBXTargetDependency */,
			);
			name = NewsFeedTests;
			productName = NewsFeedTests;
			productReference = 845A50D821E7D02A003CB8EE /* NewsFeedTests.xctest */;
			productType = "com.apple.product-type.bundle.unit-test";
		};
/* End PBXNativeTarget section */

/* Begin PBXProject section */
		845A50BC21E7D026003CB8EE /* Project object */ = {
			isa = PBXProject;
			attributes = {
				LastSwiftUpdateCheck = 1010;
				LastUpgradeCheck = 1010;
				ORGANIZATIONNAME = aadudyrev;
				TargetAttributes = {
					845A50C321E7D026003CB8EE = {
						CreatedOnToolsVersion = 10.1;
					};
					845A50D721E7D02A003CB8EE = {
						CreatedOnToolsVersion = 10.1;
						TestTargetID = 845A50C321E7D026003CB8EE;
					};
				};
			};
			buildConfigurationList = 845A50BF21E7D026003CB8EE /* Build configuration list for PBXProject "NewsFeed" */;
			compatibilityVersion = "Xcode 9.3";
			developmentRegion = en;
			hasScannedForEncodings = 0;
			knownRegions = (
				en,
				Base,
			);
			mainGroup = 845A50BB21E7D026003CB8EE;
			productRefGroup = 845A50C521E7D026003CB8EE /* Products */;
			projectDirPath = "";
			projectRoot = "";
			targets = (
				845A50C321E7D026003CB8EE /* NewsFeed */,
				845A50D721E7D02A003CB8EE /* NewsFeedTests */,
			);
		};
/* End PBXProject section */

/* Begin PBXResourcesBuildPhase section */
		845A50C221E7D026003CB8EE /* Resources */ = {
			isa = PBXResourcesBuildPhase;
			buildActionMask = 2147483647;
			files = (
				84385EAB21E8D14400120A63 /* NewsFeedViewController.xib in Resources */,
				840CF86E21E9F6DC00E8CA6F /* NewsDetailViewController.xib in Resources */,
				84385EA621E88A1B00120A63 /* CategoryCollectionViewCell.xib in Resources */,
				84385EB021E8D38D00120A63 /* NewsFeedTableViewCell.xib in Resources */,
				845A50D221E7D029003CB8EE /* LaunchScreen.storyboard in Resources */,
				845A50CF21E7D029003CB8EE /* Assets.xcassets in Resources */,
				845A50ED21E7D15B003CB8EE /* CategoriesViewController.xib in Resources */,
			);
			runOnlyForDeploymentPostprocessing = 0;
		};
		845A50D621E7D02A003CB8EE /* Resources */ = {
			isa = PBXResourcesBuildPhase;
			buildActionMask = 2147483647;
			files = (
			);
			runOnlyForDeploymentPostprocessing = 0;
		};
/* End PBXResourcesBuildPhase section */

/* Begin PBXSourcesBuildPhase section */
		845A50C021E7D026003CB8EE /* Sources */ = {
			isa = PBXSourcesBuildPhase;
			buildActionMask = 2147483647;
			files = (
				84385EC421E917F400120A63 /* NetworkManager.swift in Sources */,
				84385EBC21E8E9D900120A63 /* NetworkServiceHelper.swift in Sources */,
				842EE12321F232FD00A11791 /* Extension+UIImageView.swift in Sources */,
				84385ED121E91CA700120A63 /* NetworkManagerHelper.swift in Sources */,
				840CF86D21E9F6DC00E8CA6F /* NewsDetailViewController.swift in Sources */,
				842EE13021F26B7E00A11791 /* CoreDataManager.swift in Sources */,
				84385EBA21E8E9D900120A63 /* NetworkService.swift in Sources */,
				845A50E821E7D0A4003CB8EE /* Router.swift in Sources */,
				845A50EF21E7D1EC003CB8EE /* CategoriesLayout.swift in Sources */,
				84844E5221F8EF4600847DEC /* LocalDataSourceLoader.swift in Sources */,
				842EE12121F232F200A11791 /* Extension+UIViewController.swift in Sources */,
				84385EBB21E8E9D900120A63 /* NetworkServiceRequestBuilder.swift in Sources */,
				84385ECD21E918D600120A63 /* News.swift in Sources */,
				84385EBD21E8E9D900120A63 /* NetworkServiceResponseStatus.swift in Sources */,
				845A50C821E7D026003CB8EE /* AppDelegate.swift in Sources */,
				84385EC021E8E9DA00120A63 /* NetworkServiceDecoder.swift in Sources */,
				840CF87421EA009D00E8CA6F /* Linker.swift in Sources */,
				842EE11F21F232E600A11791 /* Extension+UIView.swift in Sources */,
				842EE12521F2333600A11791 /* Extension+UIColor.swift in Sources */,
				845A50F221E7D2F0003CB8EE /* NibLoadable.swift in Sources */,
				842EE11D21F22DEC00A11791 /* GradientView.swift in Sources */,
				84385EDC21E93A3F00120A63 /* CategoriesProtocols.swift in Sources */,
				84385E9821E7F8CE00120A63 /* CategoryModel.swift in Sources */,
				84385EAF21E8D38D00120A63 /* NewsFeedTableViewCell.swift in Sources */,
				845A50F521E7D86E003CB8EE /* CategoryCollectionViewCell.swift in Sources */,
				840CF87021E9FEBA00E8CA6F /* NewsDetailProtocols.swift in Sources */,
				840CF8BB21ED4BC500E8CA6F /* SimpleDownloaderHelper.swift in Sources */,
				84385EBF21E8E9DA00120A63 /* NetworkServiceManager.swift in Sources */,
				845A50EC21E7D15B003CB8EE /* CategoriesViewController.swift in Sources */,
				84385ED821E937C700120A63 /* NewsFeedPresenter.swift in Sources */,
				840CF87621EA33F100E8CA6F /* NetworkModel.swift in Sources */,
				842EE12A21F24A8B00A11791 /* NewsFeedInteractor.swift in Sources */,
				842EE12C21F24D4F00A11791 /* NewsFeedModels.swift in Sources */,
				842EE13821F273C300A11791 /* LocalStorageModels.swift in Sources */,
				84385EC121E8E9DA00120A63 /* NetworkServiceError.swift in Sources */,
				840CF8BD21ED4CAA00E8CA6F /* SimpleDownloader.swift in Sources */,
				842EE13321F26D7600A11791 /* NewsFeed.xcdatamodeld in Sources */,
				84385EDF21E93A8D00120A63 /* NewsFeedProtocols.swift in Sources */,
				84385ECF21E91BBD00120A63 /* NewsCategories.swift in Sources */,
				84385EC921E9184200120A63 /* Source.swift in Sources */,
				84385EC721E9183800120A63 /* Articles.swift in Sources */,
				84385EBE21E8E9D900120A63 /* NetworkServiceProtocols.swift in Sources */,
				84385ECB21E9184C00120A63 /* NewsError.swift in Sources */,
				84385EAA21E8D14400120A63 /* NewsFeedViewController.swift in Sources */,
				840CF87221E9FEFE00E8CA6F /* NewsDetailPresenter.swift in Sources */,
				84385ED521E933DE00120A63 /* CategoriesPresenter.swift in Sources */,
				84844E4A21F7567700847DEC /* RemoteDataSourceLoader.swift in Sources */,
			);
			runOnlyForDeploymentPostprocessing = 0;
		};
		845A50D421E7D02A003CB8EE /* Sources */ = {
			isa = PBXSourcesBuildPhase;
			buildActionMask = 2147483647;
			files = (
				845A50DD21E7D02A003CB8EE /* NewsFeedTests.swift in Sources */,
			);
			runOnlyForDeploymentPostprocessing = 0;
		};
/* End PBXSourcesBuildPhase section */

/* Begin PBXTargetDependency section */
		845A50DA21E7D02A003CB8EE /* PBXTargetDependency */ = {
			isa = PBXTargetDependency;
			target = 845A50C321E7D026003CB8EE /* NewsFeed */;
			targetProxy = 845A50D921E7D02A003CB8EE /* PBXContainerItemProxy */;
		};
/* End PBXTargetDependency section */

/* Begin PBXVariantGroup section */
		845A50D021E7D029003CB8EE /* LaunchScreen.storyboard */ = {
			isa = PBXVariantGroup;
			children = (
				845A50D121E7D029003CB8EE /* Base */,
			);
			name = LaunchScreen.storyboard;
			sourceTree = "<group>";
		};
/* End PBXVariantGroup section */

/* Begin XCBuildConfiguration section */
		845A50DF21E7D02A003CB8EE /* Debug */ = {
			isa = XCBuildConfiguration;
			buildSettings = {
				ALWAYS_SEARCH_USER_PATHS = NO;
				CLANG_ANALYZER_NONNULL = YES;
				CLANG_ANALYZER_NUMBER_OBJECT_CONVERSION = YES_AGGRESSIVE;
				CLANG_CXX_LANGUAGE_STANDARD = "gnu++14";
				CLANG_CXX_LIBRARY = "libc++";
				CLANG_ENABLE_MODULES = YES;
				CLANG_ENABLE_OBJC_ARC = YES;
				CLANG_ENABLE_OBJC_WEAK = YES;
				CLANG_WARN_BLOCK_CAPTURE_AUTORELEASING = YES;
				CLANG_WARN_BOOL_CONVERSION = YES;
				CLANG_WARN_COMMA = YES;
				CLANG_WARN_CONSTANT_CONVERSION = YES;
				CLANG_WARN_DEPRECATED_OBJC_IMPLEMENTATIONS = YES;
				CLANG_WARN_DIRECT_OBJC_ISA_USAGE = YES_ERROR;
				CLANG_WARN_DOCUMENTATION_COMMENTS = YES;
				CLANG_WARN_EMPTY_BODY = YES;
				CLANG_WARN_ENUM_CONVERSION = YES;
				CLANG_WARN_INFINITE_RECURSION = YES;
				CLANG_WARN_INT_CONVERSION = YES;
				CLANG_WARN_NON_LITERAL_NULL_CONVERSION = YES;
				CLANG_WARN_OBJC_IMPLICIT_RETAIN_SELF = YES;
				CLANG_WARN_OBJC_LITERAL_CONVERSION = YES;
				CLANG_WARN_OBJC_ROOT_CLASS = YES_ERROR;
				CLANG_WARN_RANGE_LOOP_ANALYSIS = YES;
				CLANG_WARN_STRICT_PROTOTYPES = YES;
				CLANG_WARN_SUSPICIOUS_MOVE = YES;
				CLANG_WARN_UNGUARDED_AVAILABILITY = YES_AGGRESSIVE;
				CLANG_WARN_UNREACHABLE_CODE = YES;
				CLANG_WARN__DUPLICATE_METHOD_MATCH = YES;
				CODE_SIGN_IDENTITY = "iPhone Developer";
				COPY_PHASE_STRIP = NO;
				DEBUG_INFORMATION_FORMAT = dwarf;
				ENABLE_STRICT_OBJC_MSGSEND = YES;
				ENABLE_TESTABILITY = YES;
				GCC_C_LANGUAGE_STANDARD = gnu11;
				GCC_DYNAMIC_NO_PIC = NO;
				GCC_NO_COMMON_BLOCKS = YES;
				GCC_OPTIMIZATION_LEVEL = 0;
				GCC_PREPROCESSOR_DEFINITIONS = (
					"DEBUG=1",
					"$(inherited)",
				);
				GCC_WARN_64_TO_32_BIT_CONVERSION = YES;
				GCC_WARN_ABOUT_RETURN_TYPE = YES_ERROR;
				GCC_WARN_UNDECLARED_SELECTOR = YES;
				GCC_WARN_UNINITIALIZED_AUTOS = YES_AGGRESSIVE;
				GCC_WARN_UNUSED_FUNCTION = YES;
				GCC_WARN_UNUSED_VARIABLE = YES;
				IPHONEOS_DEPLOYMENT_TARGET = 12.1;
				MTL_ENABLE_DEBUG_INFO = INCLUDE_SOURCE;
				MTL_FAST_MATH = YES;
				ONLY_ACTIVE_ARCH = YES;
				SDKROOT = iphoneos;
				SWIFT_ACTIVE_COMPILATION_CONDITIONS = DEBUG;
				SWIFT_OPTIMIZATION_LEVEL = "-Onone";
			};
			name = Debug;
		};
		845A50E021E7D02A003CB8EE /* Release */ = {
			isa = XCBuildConfiguration;
			buildSettings = {
				ALWAYS_SEARCH_USER_PATHS = NO;
				CLANG_ANALYZER_NONNULL = YES;
				CLANG_ANALYZER_NUMBER_OBJECT_CONVERSION = YES_AGGRESSIVE;
				CLANG_CXX_LANGUAGE_STANDARD = "gnu++14";
				CLANG_CXX_LIBRARY = "libc++";
				CLANG_ENABLE_MODULES = YES;
				CLANG_ENABLE_OBJC_ARC = YES;
				CLANG_ENABLE_OBJC_WEAK = YES;
				CLANG_WARN_BLOCK_CAPTURE_AUTORELEASING = YES;
				CLANG_WARN_BOOL_CONVERSION = YES;
				CLANG_WARN_COMMA = YES;
				CLANG_WARN_CONSTANT_CONVERSION = YES;
				CLANG_WARN_DEPRECATED_OBJC_IMPLEMENTATIONS = YES;
				CLANG_WARN_DIRECT_OBJC_ISA_USAGE = YES_ERROR;
				CLANG_WARN_DOCUMENTATION_COMMENTS = YES;
				CLANG_WARN_EMPTY_BODY = YES;
				CLANG_WARN_ENUM_CONVERSION = YES;
				CLANG_WARN_INFINITE_RECURSION = YES;
				CLANG_WARN_INT_CONVERSION = YES;
				CLANG_WARN_NON_LITERAL_NULL_CONVERSION = YES;
				CLANG_WARN_OBJC_IMPLICIT_RETAIN_SELF = YES;
				CLANG_WARN_OBJC_LITERAL_CONVERSION = YES;
				CLANG_WARN_OBJC_ROOT_CLASS = YES_ERROR;
				CLANG_WARN_RANGE_LOOP_ANALYSIS = YES;
				CLANG_WARN_STRICT_PROTOTYPES = YES;
				CLANG_WARN_SUSPICIOUS_MOVE = YES;
				CLANG_WARN_UNGUARDED_AVAILABILITY = YES_AGGRESSIVE;
				CLANG_WARN_UNREACHABLE_CODE = YES;
				CLANG_WARN__DUPLICATE_METHOD_MATCH = YES;
				CODE_SIGN_IDENTITY = "iPhone Developer";
				COPY_PHASE_STRIP = NO;
				DEBUG_INFORMATION_FORMAT = "dwarf-with-dsym";
				ENABLE_NS_ASSERTIONS = NO;
				ENABLE_STRICT_OBJC_MSGSEND = YES;
				GCC_C_LANGUAGE_STANDARD = gnu11;
				GCC_NO_COMMON_BLOCKS = YES;
				GCC_WARN_64_TO_32_BIT_CONVERSION = YES;
				GCC_WARN_ABOUT_RETURN_TYPE = YES_ERROR;
				GCC_WARN_UNDECLARED_SELECTOR = YES;
				GCC_WARN_UNINITIALIZED_AUTOS = YES_AGGRESSIVE;
				GCC_WARN_UNUSED_FUNCTION = YES;
				GCC_WARN_UNUSED_VARIABLE = YES;
				IPHONEOS_DEPLOYMENT_TARGET = 12.1;
				MTL_ENABLE_DEBUG_INFO = NO;
				MTL_FAST_MATH = YES;
				SDKROOT = iphoneos;
				SWIFT_COMPILATION_MODE = wholemodule;
				SWIFT_OPTIMIZATION_LEVEL = "-O";
				VALIDATE_PRODUCT = YES;
			};
			name = Release;
		};
		845A50E221E7D02A003CB8EE /* Debug */ = {
			isa = XCBuildConfiguration;
			buildSettings = {
				ASSETCATALOG_COMPILER_APPICON_NAME = AppIcon;
				CODE_SIGN_STYLE = Automatic;
				DEVELOPMENT_TEAM = Y45ED4QPJC;
				INFOPLIST_FILE = NewsFeed/Info.plist;
				LD_RUNPATH_SEARCH_PATHS = (
					"$(inherited)",
					"@executable_path/Frameworks",
				);
				PRODUCT_BUNDLE_IDENTIFIER = com.aadudyrev.NewsFeed;
				PRODUCT_NAME = "$(TARGET_NAME)";
				SWIFT_VERSION = 4.2;
				TARGETED_DEVICE_FAMILY = "1,2";
			};
			name = Debug;
		};
		845A50E321E7D02A003CB8EE /* Release */ = {
			isa = XCBuildConfiguration;
			buildSettings = {
				ASSETCATALOG_COMPILER_APPICON_NAME = AppIcon;
				CODE_SIGN_STYLE = Automatic;
				DEVELOPMENT_TEAM = Y45ED4QPJC;
				INFOPLIST_FILE = NewsFeed/Info.plist;
				LD_RUNPATH_SEARCH_PATHS = (
					"$(inherited)",
					"@executable_path/Frameworks",
				);
				PRODUCT_BUNDLE_IDENTIFIER = com.aadudyrev.NewsFeed;
				PRODUCT_NAME = "$(TARGET_NAME)";
				SWIFT_VERSION = 4.2;
				TARGETED_DEVICE_FAMILY = "1,2";
			};
			name = Release;
		};
		845A50E521E7D02A003CB8EE /* Debug */ = {
			isa = XCBuildConfiguration;
			buildSettings = {
				ALWAYS_EMBED_SWIFT_STANDARD_LIBRARIES = YES;
				BUNDLE_LOADER = "$(TEST_HOST)";
				CODE_SIGN_STYLE = Automatic;
				DEVELOPMENT_TEAM = Y45ED4QPJC;
				INFOPLIST_FILE = NewsFeedTests/Info.plist;
				LD_RUNPATH_SEARCH_PATHS = (
					"$(inherited)",
					"@executable_path/Frameworks",
					"@loader_path/Frameworks",
				);
				PRODUCT_BUNDLE_IDENTIFIER = com.aadudyrev.NewsFeedTests;
				PRODUCT_NAME = "$(TARGET_NAME)";
				SWIFT_VERSION = 4.2;
				TARGETED_DEVICE_FAMILY = "1,2";
				TEST_HOST = "$(BUILT_PRODUCTS_DIR)/NewsFeed.app/NewsFeed";
			};
			name = Debug;
		};
		845A50E621E7D02A003CB8EE /* Release */ = {
			isa = XCBuildConfiguration;
			buildSettings = {
				ALWAYS_EMBED_SWIFT_STANDARD_LIBRARIES = YES;
				BUNDLE_LOADER = "$(TEST_HOST)";
				CODE_SIGN_STYLE = Automatic;
				DEVELOPMENT_TEAM = Y45ED4QPJC;
				INFOPLIST_FILE = NewsFeedTests/Info.plist;
				LD_RUNPATH_SEARCH_PATHS = (
					"$(inherited)",
					"@executable_path/Frameworks",
					"@loader_path/Frameworks",
				);
				PRODUCT_BUNDLE_IDENTIFIER = com.aadudyrev.NewsFeedTests;
				PRODUCT_NAME = "$(TARGET_NAME)";
				SWIFT_VERSION = 4.2;
				TARGETED_DEVICE_FAMILY = "1,2";
				TEST_HOST = "$(BUILT_PRODUCTS_DIR)/NewsFeed.app/NewsFeed";
			};
			name = Release;
		};
/* End XCBuildConfiguration section */

/* Begin XCConfigurationList section */
		845A50BF21E7D026003CB8EE /* Build configuration list for PBXProject "NewsFeed" */ = {
			isa = XCConfigurationList;
			buildConfigurations = (
				845A50DF21E7D02A003CB8EE /* Debug */,
				845A50E021E7D02A003CB8EE /* Release */,
			);
			defaultConfigurationIsVisible = 0;
			defaultConfigurationName = Release;
		};
		845A50E121E7D02A003CB8EE /* Build configuration list for PBXNativeTarget "NewsFeed" */ = {
			isa = XCConfigurationList;
			buildConfigurations = (
				845A50E221E7D02A003CB8EE /* Debug */,
				845A50E321E7D02A003CB8EE /* Release */,
			);
			defaultConfigurationIsVisible = 0;
			defaultConfigurationName = Release;
		};
		845A50E421E7D02A003CB8EE /* Build configuration list for PBXNativeTarget "NewsFeedTests" */ = {
			isa = XCConfigurationList;
			buildConfigurations = (
				845A50E521E7D02A003CB8EE /* Debug */,
				845A50E621E7D02A003CB8EE /* Release */,
			);
			defaultConfigurationIsVisible = 0;
			defaultConfigurationName = Release;
		};
/* End XCConfigurationList section */

/* Begin XCVersionGroup section */
		842EE13121F26D7600A11791 /* NewsFeed.xcdatamodeld */ = {
			isa = XCVersionGroup;
			children = (
				842EE13221F26D7600A11791 /* NewsFeed.xcdatamodel */,
			);
			currentVersion = 842EE13221F26D7600A11791 /* NewsFeed.xcdatamodel */;
			path = NewsFeed.xcdatamodeld;
			sourceTree = "<group>";
			versionGroupType = wrapper.xcdatamodel;
		};
/* End XCVersionGroup section */
	};
	rootObject = 845A50BC21E7D026003CB8EE /* Project object */;
}
